
Microsoft Visual Studio Solution File, Format Version 12.00
# Visual Studio Version 16
VisualStudioVersion = 16.0.31313.79
MinimumVisualStudioVersion = 10.0.40219.1
Project("{FAE04EC0-301F-11D3-BF4B-00C04F79EFBC}") = "PolymorphicConfigurationReader", "PolymorphicConfigurationReader.csproj", "{8B1B1554-6D14-43E3-B5DC-A89068D9DE84}"
EndProject
Project("{FAE04EC0-301F-11D3-BF4B-00C04F79EFBC}") = "PolymorphicConfigurationReader.Tests", "PolymorphicConfigurationReader.Test\PolymorphicConfigurationReader.Tests.csproj", "{9D9A490B-AC47-4482-8E57-31D3FFB79F43}"
EndProject
Global
	GlobalSection(SolutionConfigurationPlatforms) = preSolution
		Debug|Any CPU = Debug|Any CPU
		Release|Any CPU = Release|Any CPU
	EndGlobalSection
	GlobalSection(ProjectConfigurationPlatforms) = postSolution
		{8B1B1554-6D14-43E3-B5DC-A89068D9DE84}.Debug|Any CPU.ActiveCfg = Debug|Any CPU
		{8B1B1554-6D14-43E3-B5DC-A89068D9DE84}.Debug|Any CPU.Build.0 = Debug|Any CPU
		{8B1B1554-6D14-43E3-B5DC-A89068D9DE84}.Release|Any CPU.ActiveCfg = Release|Any CPU
		{8B1B1554-6D14-43E3-B5DC-A89068D9DE84}.Release|Any CPU.Build.0 = Release|Any CPU
		{9D9A490B-AC47-4482-8E57-31D3FFB79F43}.Debug|Any CPU.ActiveCfg = Debug|Any CPU
		{9D9A490B-AC47-4482-8E57-31D3FFB79F43}.Debug|Any CPU.Build.0 = Debug|Any CPU
		{9D9A490B-AC47-4482-8E57-31D3FFB79F43}.Release|Any CPU.ActiveCfg = Release|Any CPU
		{9D9A490B-AC47-4482-8E57-31D3FFB79F43}.Release|Any CPU.Build.0 = Release|Any CPU
	EndGlobalSection
	GlobalSection(SolutionProperties) = preSolution
		HideSolutionNode = FALSE
	EndGlobalSection
	GlobalSection(ExtensibilityGlobals) = postSolution
		SolutionGuid = {63D88706-5684-4BCE-A1F2-DCB4550B2553}
	EndGlobalSection
EndGlobal
